
Microsoft Visual Studio Solution File, Format Version 12.00
# Visual Studio Version 17
VisualStudioVersion = 17.2.32616.157
MinimumVisualStudioVersion = 10.0.40219.1
Project("{9A19103F-16F7-4668-BE54-9A1E7A4F7556}") = "OfferExporter", "OfferExporter\OfferExporter.csproj", "{7D04FBD6-92EC-443E-8858-2FF7F7EE7FD1}"
EndProject
Project("{9A19103F-16F7-4668-BE54-9A1E7A4F7556}") = "OfferExporter.Repositories", "OfferExporter.Repositories\OfferExporter.Repositories.csproj", "{32ADECF4-144C-49D0-94A6-6D36628E69B6}"
EndProject
Project("{9A19103F-16F7-4668-BE54-9A1E7A4F7556}") = "OfferExporter.Models", "OfferExporter.Models\OfferExporter.Models.csproj", "{E9A723FF-B7F2-470E-A901-120983DDD107}"
EndProject
Project("{9A19103F-16F7-4668-BE54-9A1E7A4F7556}") = "OfferExporter.Common", "OfferExporter.Common\OfferExporter.Common.csproj", "{7714C77C-4535-4C41-8EE9-E1C186A79CCC}"
EndProject
Project("{9A19103F-16F7-4668-BE54-9A1E7A4F7556}") = "OfferExporter.Services", "OfferExporter.Services\OfferExporter.Services.csproj", "{66A11A09-EDB0-4FC2-883F-0D61E7463E50}"
EndProject
Project("{FAE04EC0-301F-11D3-BF4B-00C04F79EFBC}") = "OfferExporter.Tests", "OfferExporter.Tests\OfferExporter.Tests.csproj", "{A9630917-578B-4EA0-A43D-ACD8FDE69023}"
EndProject
Global
	GlobalSection(SolutionConfigurationPlatforms) = preSolution
		Debug|Any CPU = Debug|Any CPU
		Release|Any CPU = Release|Any CPU
	EndGlobalSection
	GlobalSection(ProjectConfigurationPlatforms) = postSolution
		{7D04FBD6-92EC-443E-8858-2FF7F7EE7FD1}.Debug|Any CPU.ActiveCfg = Debug|Any CPU
		{7D04FBD6-92EC-443E-8858-2FF7F7EE7FD1}.Debug|Any CPU.Build.0 = Debug|Any CPU
		{7D04FBD6-92EC-443E-8858-2FF7F7EE7FD1}.Release|Any CPU.ActiveCfg = Release|Any CPU
		{7D04FBD6-92EC-443E-8858-2FF7F7EE7FD1}.Release|Any CPU.Build.0 = Release|Any CPU
		{32ADECF4-144C-49D0-94A6-6D36628E69B6}.Debug|Any CPU.ActiveCfg = Debug|Any CPU
		{32ADECF4-144C-49D0-94A6-6D36628E69B6}.Debug|Any CPU.Build.0 = Debug|Any CPU
		{32ADECF4-144C-49D0-94A6-6D36628E69B6}.Release|Any CPU.ActiveCfg = Release|Any CPU
		{32ADECF4-144C-49D0-94A6-6D36628E69B6}.Release|Any CPU.Build.0 = Release|Any CPU
		{E9A723FF-B7F2-470E-A901-120983DDD107}.Debug|Any CPU.ActiveCfg = Debug|Any CPU
		{E9A723FF-B7F2-470E-A901-120983DDD107}.Debug|Any CPU.Build.0 = Debug|Any CPU
		{E9A723FF-B7F2-470E-A901-120983DDD107}.Release|Any CPU.ActiveCfg = Release|Any CPU
		{E9A723FF-B7F2-470E-A901-120983DDD107}.Release|Any CPU.Build.0 = Release|Any CPU
		{7714C77C-4535-4C41-8EE9-E1C186A79CCC}.Debug|Any CPU.ActiveCfg = Debug|Any CPU
		{7714C77C-4535-4C41-8EE9-E1C186A79CCC}.Debug|Any CPU.Build.0 = Debug|Any CPU
		{7714C77C-4535-4C41-8EE9-E1C186A79CCC}.Release|Any CPU.ActiveCfg = Release|Any CPU
		{7714C77C-4535-4C41-8EE9-E1C186A79CCC}.Release|Any CPU.Build.0 = Release|Any CPU
		{66A11A09-EDB0-4FC2-883F-0D61E7463E50}.Debug|Any CPU.ActiveCfg = Debug|Any CPU
		{66A11A09-EDB0-4FC2-883F-0D61E7463E50}.Debug|Any CPU.Build.0 = Debug|Any CPU
		{66A11A09-EDB0-4FC2-883F-0D61E7463E50}.Release|Any CPU.ActiveCfg = Release|Any CPU
		{66A11A09-EDB0-4FC2-883F-0D61E7463E50}.Release|Any CPU.Build.0 = Release|Any CPU
		{A9630917-578B-4EA0-A43D-ACD8FDE69023}.Debug|Any CPU.ActiveCfg = Debug|Any CPU
		{A9630917-578B-4EA0-A43D-ACD8FDE69023}.Debug|Any CPU.Build.0 = Debug|Any CPU
		{A9630917-578B-4EA0-A43D-ACD8FDE69023}.Release|Any CPU.ActiveCfg = Release|Any CPU
		{A9630917-578B-4EA0-A43D-ACD8FDE69023}.Release|Any CPU.Build.0 = Release|Any CPU
	EndGlobalSection
	GlobalSection(SolutionProperties) = preSolution
		HideSolutionNode = FALSE
	EndGlobalSection
	GlobalSection(ExtensibilityGlobals) = postSolution
		SolutionGuid = {208C35A5-FAC4-4DC1-95DB-2C577E357A5B}
	EndGlobalSection
EndGlobal
